
Microsoft Visual Studio Solution File, Format Version 12.00
# Visual Studio Version 16
VisualStudioVersion = 16.0.29613.14
MinimumVisualStudioVersion = 10.0.40219.1
Project("{FAE04EC0-301F-11D3-BF4B-00C04F79EFBC}") = "LagSwitch", "LagSwitch.csproj", "{45078963-B6D3-49D1-89D7-CFD061D6F633}"
EndProject
Global
	GlobalSection(SolutionConfigurationPlatforms) = preSolution
		Debug|Any CPU = Debug|Any CPU
		Release|Any CPU = Release|Any CPU
	EndGlobalSection
	GlobalSection(ProjectConfigurationPlatforms) = postSolution
		{45078963-B6D3-49D1-89D7-CFD061D6F633}.Debug|Any CPU.ActiveCfg = Debug|Any CPU
		{45078963-B6D3-49D1-89D7-CFD061D6F633}.Debug|Any CPU.Build.0 = Debug|Any CPU
		{45078963-B6D3-49D1-89D7-CFD061D6F633}.Release|Any CPU.ActiveCfg = Release|Any CPU
		{45078963-B6D3-49D1-89D7-CFD061D6F633}.Release|Any CPU.Build.0 = Release|Any CPU
	EndGlobalSection
	GlobalSection(SolutionProperties) = preSolution
		HideSolutionNode = FALSE
	EndGlobalSection
	GlobalSection(ExtensibilityGlobals) = postSolution
		SolutionGuid = {C6269B2B-342C-46D6-991B-CE63DD5DDADC}
	EndGlobalSection
EndGlobal
